{
  "nodes": {
    "cwe_checker": {
      "inputs": {
        "nixpkgs": "nixpkgs"
      },
      "locked": {
        "lastModified": 1743279001,
        "narHash": "sha256-STQupNUP4H0NXL62SleHHdOaHnB3tInraWC+fMwVc6I=",
        "ref": "refs/heads/feat/soudness-testing-api",
        "rev": "b39003d7f77dab693b45a73510c00903b3b743f4",
        "revCount": 612,
        "type": "git",
        "url": "file:///home/jabbi/Projects/masterarbeit/cwe_checker"
      },
      "original": {
        "type": "git",
        "url": "file:///home/jabbi/Projects/masterarbeit/cwe_checker"
      }
    },
    "nixpkgs": {
      "locked": {
        "lastModified": 1733759999,
        "narHash": "sha256-463SNPWmz46iLzJKRzO3Q2b0Aurff3U1n0nYItxq7jU=",
        "owner": "NixOS",
        "repo": "nixpkgs",
        "rev": "a73246e2eef4c6ed172979932bc80e1404ba2d56",
        "type": "github"
      },
      "original": {
        "owner": "NixOS",
        "ref": "nixos-unstable",
        "repo": "nixpkgs",
        "type": "github"
      }
    },
    "nixpkgs_2": {
      "locked": {
        "lastModified": 1743278915,
        "narHash": "sha256-zcFQbxfDdN8bg4yUfx4C16oYiYkKiyWS1GdS2CgsSWM=",
        "owner": "NixOS",
        "repo": "nixpkgs",
        "rev": "8fb60c58dd89a4dd7b0a835b2857867f04aa3753",
        "type": "github"
      },
      "original": {
        "owner": "NixOS",
        "repo": "nixpkgs",
        "type": "github"
      }
    },
    "root": {
      "inputs": {
        "cwe_checker": "cwe_checker",
        "nixpkgs": "nixpkgs_2"
      }
    }
  },
  "root": "root",
  "version": 7
}
